
Microsoft Visual Studio Solution File, Format Version 12.00
# Visual Studio Version 16
VisualStudioVersion = 16.0.29519.181
MinimumVisualStudioVersion = 10.0.40219.1
Project("{FAE04EC0-301F-11D3-BF4B-00C04F79EFBC}") = "NdpOdev1", "NdpOdev1\NdpOdev1.csproj", "{D05050FA-0A13-4D65-B9E9-502F0913980C}"
EndProject
Global
	GlobalSection(SolutionConfigurationPlatforms) = preSolution
		Debug|Any CPU = Debug|Any CPU
		Release|Any CPU = Release|Any CPU
	EndGlobalSection
	GlobalSection(ProjectConfigurationPlatforms) = postSolution
		{D05050FA-0A13-4D65-B9E9-502F0913980C}.Debug|Any CPU.ActiveCfg = Debug|Any CPU
		{D05050FA-0A13-4D65-B9E9-502F0913980C}.Debug|Any CPU.Build.0 = Debug|Any CPU
		{D05050FA-0A13-4D65-B9E9-502F0913980C}.Release|Any CPU.ActiveCfg = Release|Any CPU
		{D05050FA-0A13-4D65-B9E9-502F0913980C}.Release|Any CPU.Build.0 = Release|Any CPU
	EndGlobalSection
	GlobalSection(SolutionProperties) = preSolution
		HideSolutionNode = FALSE
	EndGlobalSection
	GlobalSection(ExtensibilityGlobals) = postSolution
		SolutionGuid = {DC647F5D-E3FC-45B3-B26A-A3A74AAACF3C}
	EndGlobalSection
EndGlobal
